
Microsoft Visual Studio Solution File, Format Version 12.00
# Visual Studio 2013
VisualStudioVersion = 12.0.30324.0
MinimumVisualStudioVersion = 10.0.40219.1
Project("{FAE04EC0-301F-11D3-BF4B-00C04F79EFBC}") = "Conditional_Statements", "Conditional-Statements\Conditional_Statements.csproj", "{56D3ADC8-A26A-4F07-A31A-A20A49209F91}"
EndProject
Global
	GlobalSection(SolutionConfigurationPlatforms) = preSolution
		Debug|Any CPU = Debug|Any CPU
		Release|Any CPU = Release|Any CPU
	EndGlobalSection
	GlobalSection(ProjectConfigurationPlatforms) = postSolution
		{56D3ADC8-A26A-4F07-A31A-A20A49209F91}.Debug|Any CPU.ActiveCfg = Debug|Any CPU
		{56D3ADC8-A26A-4F07-A31A-A20A49209F91}.Debug|Any CPU.Build.0 = Debug|Any CPU
		{56D3ADC8-A26A-4F07-A31A-A20A49209F91}.Release|Any CPU.ActiveCfg = Release|Any CPU
		{56D3ADC8-A26A-4F07-A31A-A20A49209F91}.Release|Any CPU.Build.0 = Release|Any CPU
	EndGlobalSection
	GlobalSection(SolutionProperties) = preSolution
		HideSolutionNode = FALSE
	EndGlobalSection
EndGlobal
